PODS:
  - appcenter (2.3.0):
    - AppCenterReactNativeShared
    - React
  - appcenter-analytics (2.3.0):
    - AppCenter/Analytics
    - AppCenterReactNativeShared
    - React
  - appcenter-crashes (2.3.0):
    - AppCenter/Crashes (= 2.3.0)
    - AppCenterReactNativeShared
    - React
  - AppCenter/Analytics (2.3.0):
    - AppCenter/Core
  - AppCenter/Core (2.3.0)
  - AppCenter/Crashes (2.3.0):
    - AppCenter/Core
  - AppCenterReactNativeShared (2.3.0):
    - AppCenter/Core (= 2.3.0)
  - Base64 (1.1.2)
  - boost-for-react-native (1.63.0)
  - CodePush (5.7.0):
    - Base64 (~> 1.1)
    - JWT (~> 3.0.0-beta.7)
    - React
    - SSZipArchive (~> 2.1)
  - DoubleConversion (1.1.6)
  - FBLazyVector (0.61.0)
  - FBReactNativeSpec (0.61.0):
    - Folly (= 2018.10.22.00)
    - RCTRequired (= 0.61.0)
    - RCTTypeSafety (= 0.61.0)
    - React-Core (= 0.61.0)
    - React-jsi (= 0.61.0)
    - ReactCommon/turbomodule/core (= 0.61.0)
  - Firebase/AdMob (6.8.1):
    - Firebase/CoreOnly
    - Google-Mobile-Ads-SDK (~> 7.49)
  - Firebase/Analytics (6.8.1):
    - Firebase/Core
  - Firebase/Core (6.8.1):
    - Firebase/CoreOnly
    - FirebaseAnalytics (= 6.1.1)
  - Firebase/CoreOnly (6.8.1):
    - FirebaseCore (= 6.2.3)
  - FirebaseAnalytics (6.1.1):
    - FirebaseCore (~> 6.2)
    - FirebaseInstanceID (~> 4.2)
    - GoogleAppMeasurement (= 6.1.1)
    - GoogleUtilities/AppDelegateSwizzler (~> 6.0)
    - GoogleUtilities/MethodSwizzler (~> 6.0)
    - GoogleUtilities/Network (~> 6.0)
    - "GoogleUtilities/NSData+zlib (~> 6.0)"
    - nanopb (~> 0.3)
  - FirebaseCore (6.2.3):
    - FirebaseCoreDiagnostics (~> 1.0)
    - FirebaseCoreDiagnosticsInterop (~> 1.0)
    - GoogleUtilities/Environment (~> 6.2)
    - GoogleUtilities/Logger (~> 6.2)
  - FirebaseCoreDiagnostics (1.0.1):
    - FirebaseCoreDiagnosticsInterop (~> 1.0)
    - GoogleDataTransportCCTSupport (~> 1.0)
    - GoogleUtilities/Environment (~> 6.2)
    - GoogleUtilities/Logger (~> 6.2)
  - FirebaseCoreDiagnosticsInterop (1.0.0)
  - FirebaseInstanceID (4.2.5):
    - FirebaseCore (~> 6.0)
    - GoogleUtilities/Environment (~> 6.0)
    - GoogleUtilities/UserDefaults (~> 6.0)
  - Folly (2018.10.22.00):
    - boost-for-react-native
    - DoubleConversion
    - Folly/Default (= 2018.10.22.00)
    - glog
  - Folly/Default (2018.10.22.00):
    - boost-for-react-native
    - DoubleConversion
    - glog
  - glog (0.3.5)
  - Google-Mobile-Ads-SDK (7.50.0):
    - GoogleAppMeasurement (~> 6.0)
  - GoogleAppMeasurement (6.1.1):
    - GoogleUtilities/AppDelegateSwizzler (~> 6.0)
    - GoogleUtilities/MethodSwizzler (~> 6.0)
    - GoogleUtilities/Network (~> 6.0)
    - "GoogleUtilities/NSData+zlib (~> 6.0)"
    - nanopb (~> 0.3)
  - GoogleDataTransport (1.2.0)
  - GoogleDataTransportCCTSupport (1.0.4):
    - GoogleDataTransport (~> 1.2)
    - nanopb
  - GoogleUtilities/AppDelegateSwizzler (6.3.0):
    - GoogleUtilities/Environment
    - GoogleUtilities/Logger
    - GoogleUtilities/Network
  - GoogleUtilities/Environment (6.3.0)
  - GoogleUtilities/Logger (6.3.0):
    - GoogleUtilities/Environment
  - GoogleUtilities/MethodSwizzler (6.3.0):
    - GoogleUtilities/Logger
  - GoogleUtilities/Network (6.3.0):
    - GoogleUtilities/Logger
    - "GoogleUtilities/NSData+zlib"
    - GoogleUtilities/Reachability
  - "GoogleUtilities/NSData+zlib (6.3.0)"
  - GoogleUtilities/Reachability (6.3.0):
    - GoogleUtilities/Logger
  - GoogleUtilities/UserDefaults (6.3.0):
    - GoogleUtilities/Logger
  - JWT (3.0.0-beta.11):
    - Base64 (~> 1.1.2)
  - nanopb (0.3.901):
    - nanopb/decode (= 0.3.901)
    - nanopb/encode (= 0.3.901)
  - nanopb/decode (0.3.901)
  - nanopb/encode (0.3.901)
  - PersonalizedAdConsent (1.0.3)
  - RCTRequired (0.61.0)
  - RCTTypeSafety (0.61.0):
    - FBLazyVector (= 0.61.0)
    - Folly (= 2018.10.22.00)
    - RCTRequired (= 0.61.0)
    - React-Core (= 0.61.0)
  - React (0.61.0):
    - React-Core (= 0.61.0)
    - React-Core/DevSupport (= 0.61.0)
    - React-Core/RCTWebSocket (= 0.61.0)
    - React-RCTActionSheet (= 0.61.0)
    - React-RCTAnimation (= 0.61.0)
    - React-RCTBlob (= 0.61.0)
    - React-RCTImage (= 0.61.0)
    - React-RCTLinking (= 0.61.0)
    - React-RCTNetwork (= 0.61.0)
    - React-RCTSettings (= 0.61.0)
    - React-RCTText (= 0.61.0)
    - React-RCTVibration (= 0.61.0)
  - React-Core (0.61.0):
    - Folly (= 2018.10.22.00)
    - glog
    - React-Core/Default (= 0.61.0)
    - React-cxxreact (= 0.61.0)
    - React-jsi (= 0.61.0)
    - React-jsiexecutor (= 0.61.0)
    - Yoga
  - React-Core/CoreModulesHeaders (0.61.0):
    - Folly (= 2018.10.22.00)
    - glog
    - React-Core/Default
    - React-cxxreact (= 0.61.0)
    - React-jsi (= 0.61.0)
    - React-jsiexecutor (= 0.61.0)
    - Yoga
  - React-Core/Default (0.61.0):
    - Folly (= 2018.10.22.00)
    - glog
    - React-cxxreact (= 0.61.0)
    - React-jsi (= 0.61.0)
    - React-jsiexecutor (= 0.61.0)
    - Yoga
  - React-Core/DevSupport (0.61.0):
    - Folly (= 2018.10.22.00)
    - glog
    - React-Core/Default (= 0.61.0)
    - React-Core/RCTWebSocket (= 0.61.0)
    - React-cxxreact (= 0.61.0)
    - React-jsi (= 0.61.0)
    - React-jsiexecutor (= 0.61.0)
    - React-jsinspector (= 0.61.0)
    - Yoga
  - React-Core/RCTActionSheetHeaders (0.61.0):
    - Folly (= 2018.10.22.00)
    - glog
    - React-Core/Default
    - React-cxxreact (= 0.61.0)
    - React-jsi (= 0.61.0)
    - React-jsiexecutor (= 0.61.0)
    - Yoga
  - React-Core/RCTAnimationHeaders (0.61.0):
    - Folly (= 2018.10.22.00)
    - glog
    - React-Core/Default
    - React-cxxreact (= 0.61.0)
    - React-jsi (= 0.61.0)
    - React-jsiexecutor (= 0.61.0)
    - Yoga
  - React-Core/RCTBlobHeaders (0.61.0):
    - Folly (= 2018.10.22.00)
    - glog
    - React-Core/Default
    - React-cxxreact (= 0.61.0)
    - React-jsi (= 0.61.0)
    - React-jsiexecutor (= 0.61.0)
    - Yoga
  - React-Core/RCTImageHeaders (0.61.0):
    - Folly (= 2018.10.22.00)
    - glog
    - React-Core/Default
    - React-cxxreact (= 0.61.0)
    - React-jsi (= 0.61.0)
    - React-jsiexecutor (= 0.61.0)
    - Yoga
  - React-Core/RCTLinkingHeaders (0.61.0):
    - Folly (= 2018.10.22.00)
    - glog
    - React-Core/Default
    - React-cxxreact (= 0.61.0)
    - React-jsi (= 0.61.0)
    - React-jsiexecutor (= 0.61.0)
    - Yoga
  - React-Core/RCTNetworkHeaders (0.61.0):
    - Folly (= 2018.10.22.00)
    - glog
    - React-Core/Default
    - React-cxxreact (= 0.61.0)
    - React-jsi (= 0.61.0)
    - React-jsiexecutor (= 0.61.0)
    - Yoga
  - React-Core/RCTSettingsHeaders (0.61.0):
    - Folly (= 2018.10.22.00)
    - glog
    - React-Core/Default
    - React-cxxreact (= 0.61.0)
    - React-jsi (= 0.61.0)
    - React-jsiexecutor (= 0.61.0)
    - Yoga
  - React-Core/RCTTextHeaders (0.61.0):
    - Folly (= 2018.10.22.00)
    - glog
    - React-Core/Default
    - React-cxxreact (= 0.61.0)
    - React-jsi (= 0.61.0)
    - React-jsiexecutor (= 0.61.0)
    - Yoga
  - React-Core/RCTVibrationHeaders (0.61.0):
    - Folly (= 2018.10.22.00)
    - glog
    - React-Core/Default
    - React-cxxreact (= 0.61.0)
    - React-jsi (= 0.61.0)
    - React-jsiexecutor (= 0.61.0)
    - Yoga
  - React-Core/RCTWebSocket (0.61.0):
    - Folly (= 2018.10.22.00)
    - glog
    - React-Core/Default (= 0.61.0)
    - React-cxxreact (= 0.61.0)
    - React-jsi (= 0.61.0)
    - React-jsiexecutor (= 0.61.0)
    - Yoga
  - React-CoreModules (0.61.0):
    - FBReactNativeSpec (= 0.61.0)
    - Folly (= 2018.10.22.00)
    - RCTTypeSafety (= 0.61.0)
    - React-Core/CoreModulesHeaders (= 0.61.0)
    - React-RCTImage (= 0.61.0)
    - ReactCommon/turbomodule/core (= 0.61.0)
  - React-cxxreact (0.61.0):
    - boost-for-react-native (= 1.63.0)
    - DoubleConversion
    - Folly (= 2018.10.22.00)
    - glog
    - React-jsinspector (= 0.61.0)
  - React-jsi (0.61.0):
    - boost-for-react-native (= 1.63.0)
    - DoubleConversion
    - Folly (= 2018.10.22.00)
    - glog
    - React-jsi/Default (= 0.61.0)
  - React-jsi/Default (0.61.0):
    - boost-for-react-native (= 1.63.0)
    - DoubleConversion
    - Folly (= 2018.10.22.00)
    - glog
  - React-jsiexecutor (0.61.0):
    - DoubleConversion
    - Folly (= 2018.10.22.00)
    - glog
    - React-cxxreact (= 0.61.0)
    - React-jsi (= 0.61.0)
  - React-jsinspector (0.61.0)
  - react-native-location (2.5.0):
    - React
  - React-RCTActionSheet (0.61.0):
    - React-Core/RCTActionSheetHeaders (= 0.61.0)
  - React-RCTAnimation (0.61.0):
    - React-Core/RCTAnimationHeaders (= 0.61.0)
  - React-RCTBlob (0.61.0):
    - React-Core/RCTBlobHeaders (= 0.61.0)
    - React-Core/RCTWebSocket (= 0.61.0)
    - React-jsi (= 0.61.0)
    - React-RCTNetwork (= 0.61.0)
  - React-RCTImage (0.61.0):
    - React-Core/RCTImageHeaders (= 0.61.0)
    - React-RCTNetwork (= 0.61.0)
  - React-RCTLinking (0.61.0):
    - React-Core/RCTLinkingHeaders (= 0.61.0)
  - React-RCTNetwork (0.61.0):
    - React-Core/RCTNetworkHeaders (= 0.61.0)
  - React-RCTSettings (0.61.0):
    - React-Core/RCTSettingsHeaders (= 0.61.0)
  - React-RCTText (0.61.0):
    - React-Core/RCTTextHeaders (= 0.61.0)
  - React-RCTVibration (0.61.0):
    - React-Core/RCTVibrationHeaders (= 0.61.0)
  - ReactCommon/jscallinvoker (0.61.0):
    - DoubleConversion
    - Folly (= 2018.10.22.00)
    - glog
    - React-cxxreact (= 0.61.0)
  - ReactCommon/turbomodule/core (0.61.0):
    - DoubleConversion
    - Folly (= 2018.10.22.00)
    - glog
    - React-Core (= 0.61.0)
    - React-cxxreact (= 0.61.0)
    - React-jsi (= 0.61.0)
    - ReactCommon/jscallinvoker (= 0.61.0)
  - RNFBAdmob (0.5.4):
    - Firebase/AdMob (~> 6.8.1)
    - Firebase/Analytics (~> 6.8.1)
    - Firebase/Core (~> 6.8.1)
    - PersonalizedAdConsent
    - React
    - RNFBApp
  - RNFBApp (0.5.4):
    - Firebase/Core (~> 6.8.1)
    - React
  - RNGestureHandler (1.4.1):
    - React
  - RNVectorIcons (6.6.0):
    - React
  - SSZipArchive (2.2.2)
  - Yoga (1.14.0)

DEPENDENCIES:
  - appcenter (from `../node_modules/appcenter`)
  - appcenter-analytics (from `../node_modules/appcenter-analytics`)
  - appcenter-crashes (from `../node_modules/appcenter-crashes`)
  - CodePush (from `../node_modules/react-native-code-push`)
  - DoubleConversion (from `../node_modules/react-native/third-party-podspecs/DoubleConversion.podspec`)
  - FBLazyVector (from `../node_modules/react-native/Libraries/FBLazyVector`)
  - FBReactNativeSpec (from `../node_modules/react-native/Libraries/FBReactNativeSpec`)
  - Folly (from `../node_modules/react-native/third-party-podspecs/Folly.podspec`)
  - glog (from `../node_modules/react-native/third-party-podspecs/glog.podspec`)
  - RCTRequired (from `../node_modules/react-native/Libraries/RCTRequired`)
  - RCTTypeSafety (from `../node_modules/react-native/Libraries/TypeSafety`)
  - React (from `../node_modules/react-native/`)
  - React-Core (from `../node_modules/react-native/`)
  - React-Core/DevSupport (from `../node_modules/react-native/`)
  - React-Core/RCTWebSocket (from `../node_modules/react-native/`)
  - React-CoreModules (from `../node_modules/react-native/React/CoreModules`)
  - React-cxxreact (from `../node_modules/react-native/ReactCommon/cxxreact`)
  - React-jsi (from `../node_modules/react-native/ReactCommon/jsi`)
  - React-jsiexecutor (from `../node_modules/react-native/ReactCommon/jsiexecutor`)
  - React-jsinspector (from `../node_modules/react-native/ReactCommon/jsinspector`)
  - react-native-location (from `../node_modules/react-native-location`)
  - React-RCTActionSheet (from `../node_modules/react-native/Libraries/ActionSheetIOS`)
  - React-RCTAnimation (from `../node_modules/react-native/Libraries/NativeAnimation`)
  - React-RCTBlob (from `../node_modules/react-native/Libraries/Blob`)
  - React-RCTImage (from `../node_modules/react-native/Libraries/Image`)
  - React-RCTLinking (from `../node_modules/react-native/Libraries/LinkingIOS`)
  - React-RCTNetwork (from `../node_modules/react-native/Libraries/Network`)
  - React-RCTSettings (from `../node_modules/react-native/Libraries/Settings`)
  - React-RCTText (from `../node_modules/react-native/Libraries/Text`)
  - React-RCTVibration (from `../node_modules/react-native/Libraries/Vibration`)
  - ReactCommon/jscallinvoker (from `../node_modules/react-native/ReactCommon`)
  - ReactCommon/turbomodule/core (from `../node_modules/react-native/ReactCommon`)
  - "RNFBAdmob (from `../node_modules/@react-native-firebase/admob`)"
  - "RNFBApp (from `../node_modules/@react-native-firebase/app`)"
  - RNGestureHandler (from `../node_modules/react-native-gesture-handler`)
  - RNVectorIcons (from `../node_modules/react-native-vector-icons`)
  - Yoga (from `../node_modules/react-native/ReactCommon/yoga`)

SPEC REPOS:
  https://github.com/cocoapods/specs.git:
    - AppCenter
    - AppCenterReactNativeShared
    - Base64
    - boost-for-react-native
    - Firebase
    - FirebaseAnalytics
    - FirebaseCore
    - FirebaseCoreDiagnostics
    - FirebaseCoreDiagnosticsInterop
    - FirebaseInstanceID
    - Google-Mobile-Ads-SDK
    - GoogleAppMeasurement
    - GoogleDataTransport
    - GoogleDataTransportCCTSupport
    - GoogleUtilities
    - JWT
    - nanopb
    - PersonalizedAdConsent
    - SSZipArchive

EXTERNAL SOURCES:
  appcenter:
    :path: "../node_modules/appcenter"
  appcenter-analytics:
    :path: "../node_modules/appcenter-analytics"
  appcenter-crashes:
    :path: "../node_modules/appcenter-crashes"
  CodePush:
    :path: "../node_modules/react-native-code-push"
  DoubleConversion:
    :podspec: "../node_modules/react-native/third-party-podspecs/DoubleConversion.podspec"
  FBLazyVector:
    :path: "../node_modules/react-native/Libraries/FBLazyVector"
  FBReactNativeSpec:
    :path: "../node_modules/react-native/Libraries/FBReactNativeSpec"
  Folly:
    :podspec: "../node_modules/react-native/third-party-podspecs/Folly.podspec"
  glog:
    :podspec: "../node_modules/react-native/third-party-podspecs/glog.podspec"
  RCTRequired:
    :path: "../node_modules/react-native/Libraries/RCTRequired"
  RCTTypeSafety:
    :path: "../node_modules/react-native/Libraries/TypeSafety"
  React:
    :path: "../node_modules/react-native/"
  React-Core:
    :path: "../node_modules/react-native/"
  React-CoreModules:
    :path: "../node_modules/react-native/React/CoreModules"
  React-cxxreact:
    :path: "../node_modules/react-native/ReactCommon/cxxreact"
  React-jsi:
    :path: "../node_modules/react-native/ReactCommon/jsi"
  React-jsiexecutor:
    :path: "../node_modules/react-native/ReactCommon/jsiexecutor"
  React-jsinspector:
    :path: "../node_modules/react-native/ReactCommon/jsinspector"
  react-native-location:
    :path: "../node_modules/react-native-location"
  React-RCTActionSheet:
    :path: "../node_modules/react-native/Libraries/ActionSheetIOS"
  React-RCTAnimation:
    :path: "../node_modules/react-native/Libraries/NativeAnimation"
  React-RCTBlob:
    :path: "../node_modules/react-native/Libraries/Blob"
  React-RCTImage:
    :path: "../node_modules/react-native/Libraries/Image"
  React-RCTLinking:
    :path: "../node_modules/react-native/Libraries/LinkingIOS"
  React-RCTNetwork:
    :path: "../node_modules/react-native/Libraries/Network"
  React-RCTSettings:
    :path: "../node_modules/react-native/Libraries/Settings"
  React-RCTText:
    :path: "../node_modules/react-native/Libraries/Text"
  React-RCTVibration:
    :path: "../node_modules/react-native/Libraries/Vibration"
  ReactCommon:
    :path: "../node_modules/react-native/ReactCommon"
  RNFBAdmob:
    :path: "../node_modules/@react-native-firebase/admob"
  RNFBApp:
    :path: "../node_modules/@react-native-firebase/app"
  RNGestureHandler:
    :path: "../node_modules/react-native-gesture-handler"
  RNVectorIcons:
    :path: "../node_modules/react-native-vector-icons"
  Yoga:
    :path: "../node_modules/react-native/ReactCommon/yoga"

SPEC CHECKSUMS:
  AppCenter: 9784d2fc998c9bd0b8fbaf4fb9ed69526d12ce1a
  appcenter: e55cb133b100379be61158f511082196b8022424
  appcenter-analytics: 9db55feacae3ca037c310d31620760ae054d50c6
  appcenter-crashes: 47c9257ce4c9a7625face00f77908e69fa459394
  AppCenterReactNativeShared: 7ac481cba7f926848a7be76dca4dcb2692df3b06
  Base64: cecfb41a004124895a7bcee567a89bae5a89d49b
  boost-for-react-native: 39c7adb57c4e60d6c5479dd8623128eb5b3f0f2c
  CodePush: d2e54ad42df82a8db65b2d23d8191b950ba945e1
  DoubleConversion: 5805e889d232975c086db112ece9ed034df7a0b2
  FBLazyVector: 815d415da87ffb4308b229ffe4b531799d118c6c
  FBReactNativeSpec: a43dfecd1f9e31d5729a38adafba1790c4c6c950
  Firebase: 9cbe4e5b5eaafa05dc932be58b7c8c3820d71e88
  FirebaseAnalytics: 843c7f64a8f9c79f0d03281197ebe7bb1d58d477
  FirebaseCore: e9d9bd1dae61c1e82bc1e0e617a9d832392086a0
  FirebaseCoreDiagnostics: 4c04ae09d0ab027c30179828c6bb47764df1bd13
  FirebaseCoreDiagnosticsInterop: 6829da2b8d1fc795ff1bd99df751d3788035d2cb
  FirebaseInstanceID: 550df9be1f99f751d8fcde3ac342a1e21a0e6c42
  Folly: 30e7936e1c45c08d884aa59369ed951a8e68cf51
  glog: 1f3da668190260b06b429bb211bfbee5cd790c28
  Google-Mobile-Ads-SDK: d48dbaf5bae1ab7a94a9786f493c26c454bc6f16
  GoogleAppMeasurement: 86a82f0e1f20b8eedf8e20326530138fd71409de
  GoogleDataTransport: 8f9897b8e073687f24ca8d3c3a8013dec7d2d1cc
  GoogleDataTransportCCTSupport: 7455d07b98851aa63e4c05a34dad356ca588479e
  GoogleUtilities: 9c2c544202301110b29f7974a82e77fdcf12bf51
  JWT: 05028b9624591bba9681bb57df2c5f95fa258bad
  nanopb: 2901f78ea1b7b4015c860c2fdd1ea2fee1a18d48
  PersonalizedAdConsent: b50a8a5d6065b6db23121e8fcc0dce2ae983f6ea
  RCTRequired: 1f0d5c0baf372e291f70b6b1275b19142bdce931
  RCTTypeSafety: 3b7329bbb97065c1f6ff7157f8eaf0da60fdc13d
  React: e419a1c0c3afe96300511585756bbea2f9f35e04
  React-Core: 8a505361c3ebe5ad216d52ca5f007a65ef63e5b6
  React-CoreModules: 47a3d75d3afd7089a5d2dd55dab08887ed1afa4c
  React-cxxreact: 4c6e3ec3e5f0ffcb659a3612a1e59a2144f21754
  React-jsi: 4b5e521350c455b5eb4be50ea98c02de25b44fad
  React-jsiexecutor: 5532ab4389aabbbf1b87904de04c8ddd7dda7036
  React-jsinspector: 99b82aeb51d67d9025ab4eb8ccb8132f8dcebf69
  react-native-location: 5a40ec1cc6abf2f6d94df979f98ec76c3a415681
  React-RCTActionSheet: 5f9a1733ec8e380aae8a97877f1166cb058733ae
  React-RCTAnimation: 3e0a55305b70b1eb5a5e34230ed8198d4a782da9
  React-RCTBlob: a6ff2220ed7ef4b06e559ec61a0b0f4e80a3716a
  React-RCTImage: c814a1f15e26a4736dedc4468748889eb68fdc2c
  React-RCTLinking: 2c0e8c6129460aec97a049b63d888392671e87b5
  React-RCTNetwork: e1c46d5a4476c485690bfb9fb59cc9db054ace74
  React-RCTSettings: c7891181cc13b7b47e7669ca533a159dc7039914
  React-RCTText: beb19a6c50072a1a2f617490ea967237c98d1dfc
  React-RCTVibration: c8e67f140a83a14a1ad9042950cca08ab29423fd
  ReactCommon: 584ef683c340894c1c82be43ce760390493ae8bf
  RNFBAdmob: 583c37eeb074983fbf217c2a1117a2cb47cbcc27
  RNFBApp: e1c06de70f28dd38981756e6b6ae51e38623e3a8
  RNGestureHandler: 4cb47a93019c1a201df2644413a0a1569a51c8aa
  RNVectorIcons: 0bb4def82230be1333ddaeee9fcba45f0b288ed4
  SSZipArchive: fa16b8cc4cdeceb698e5e5d9f67e9558532fbf23
  Yoga: 3f70bbd9aa01e04eefec36e2a085b2fc0ff1dd98

PODFILE CHECKSUM: 61971080d92dfcc15977ed8e8b3c0c21054a882b

COCOAPODS: 1.7.5
